Microsoft Visual Studio Solution File, Format Version 11.00
# Visual Studio 2008

Project("{576EFC31-B689-32A8-BD19-3959AC5D0F92}") = "Island-Rescue", "Assembly-CSharp-firstpass.csproj", "{5DA737C0-65E4-3584-B72D-29DF8B8D70AF}"
EndProject
Project("{576EFC31-B689-32A8-BD19-3959AC5D0F92}") = "Island-Rescue", "Assembly-CSharp.csproj", "{51B686D5-B80A-C298-7D28-37CF5A78F821}"
EndProject
Project("{576EFC31-B689-32A8-BD19-3959AC5D0F92}") = "Island-Rescue", "Assembly-CSharp-Editor.csproj", "{DD66CDB7-17C4-6584-170E-D15503A03A14}"
EndProject
Project("{576EFC31-B689-32A8-BD19-3959AC5D0F92}") = "Island-Rescue", "Assembly-UnityScript-firstpass.unityproj", "{7DE38E57-4B71-696A-79BA-1D0C27D53478}"
EndProject
Global
	GlobalSection(SolutionConfigurationPlatforms) = preSolution
		Debug|Any CPU = Debug|Any CPU
		Release|Any CPU = Release|Any CPU
	EndGlobalSection
	GlobalSection(ProjectConfigurationPlatforms) = postSolution
		{5DA737C0-65E4-3584-B72D-29DF8B8D70AF}.Debug|Any CPU.ActiveCfg = Debug|Any CPU
		{5DA737C0-65E4-3584-B72D-29DF8B8D70AF}.Debug|Any CPU.Build.0 = Debug|Any CPU
		{5DA737C0-65E4-3584-B72D-29DF8B8D70AF}.Release|Any CPU.ActiveCfg = Release|Any CPU
		{5DA737C0-65E4-3584-B72D-29DF8B8D70AF}.Release|Any CPU.Build.0 = Release|Any CPU
		{51B686D5-B80A-C298-7D28-37CF5A78F821}.Debug|Any CPU.ActiveCfg = Debug|Any CPU
		{51B686D5-B80A-C298-7D28-37CF5A78F821}.Debug|Any CPU.Build.0 = Debug|Any CPU
		{51B686D5-B80A-C298-7D28-37CF5A78F821}.Release|Any CPU.ActiveCfg = Release|Any CPU
		{51B686D5-B80A-C298-7D28-37CF5A78F821}.Release|Any CPU.Build.0 = Release|Any CPU
		{DD66CDB7-17C4-6584-170E-D15503A03A14}.Debug|Any CPU.ActiveCfg = Debug|Any CPU
		{DD66CDB7-17C4-6584-170E-D15503A03A14}.Debug|Any CPU.Build.0 = Debug|Any CPU
		{DD66CDB7-17C4-6584-170E-D15503A03A14}.Release|Any CPU.ActiveCfg = Release|Any CPU
		{DD66CDB7-17C4-6584-170E-D15503A03A14}.Release|Any CPU.Build.0 = Release|Any CPU
		{7DE38E57-4B71-696A-79BA-1D0C27D53478}.Debug|Any CPU.ActiveCfg = Debug|Any CPU
		{7DE38E57-4B71-696A-79BA-1D0C27D53478}.Debug|Any CPU.Build.0 = Debug|Any CPU
		{7DE38E57-4B71-696A-79BA-1D0C27D53478}.Release|Any CPU.ActiveCfg = Release|Any CPU
		{7DE38E57-4B71-696A-79BA-1D0C27D53478}.Release|Any CPU.Build.0 = Release|Any CPU
	EndGlobalSection
	GlobalSection(SolutionProperties) = preSolution
		HideSolutionNode = FALSE
	EndGlobalSection
							GlobalSection(MonoDevelopProperties) = preSolution
		StartupItem = Assembly-CSharp.csproj
		Policies = $0
		$0.TextStylePolicy = $1
		$1.inheritsSet = null
		$1.scope = text/x-csharp
		$0.CSharpFormattingPolicy = $2
		$2.inheritsSet = Mono
		$2.inheritsScope = text/x-csharp
		$2.scope = text/x-csharp
		$0.TextStylePolicy = $3
		$3.FileWidth = 120
		$3.TabWidth = 4
		$3.EolMarker = Unix
		$3.inheritsSet = Mono
		$3.inheritsScope = text/plain
		$3.scope = text/plain
	EndGlobalSection

EndGlobal
